{
	"name": "event-log-vue",
	"version": "0.4.0",
	"lockfileVersion": 1,
	"requires": true,
	"dependencies": {
		"virtual-table-vue": {
			"version": "2.8.3",
			"resolved": "https://registry.npmjs.org/virtual-table-vue/-/virtual-table-vue-2.8.3.tgz",
			"integrity": "sha512-ubSeau4/gqQoxu4wOuhRhN7w/Md1gAJG5QRr7UdyuQsDnjNY42IIGhQhEUjokaVJ7XmDo65OEtSBAeZySrwzcA=="
		}
	}
}
