
Microsoft Visual Studio Solution File, Format Version 12.00
# Visual Studio 15
VisualStudioVersion = 15.0.26124.0
MinimumVisualStudioVersion = 15.0.26124.0
Project("{F2A71F9B-5D33-465A-A702-920D77279786}") = "LogViewServer", "LogViewServer.fsproj", "{E1588345-8039-4BCC-955E-9B76ACBAADD9}"
EndProject
Project("{F2A71F9B-5D33-465A-A702-920D77279786}") = "Tester", "Tester\Tester.fsproj", "{BE42556E-7821-495C-AFDA-0D929246F635}"
EndProject
Global
	GlobalSection(SolutionConfigurationPlatforms) = preSolution
		Debug|Any CPU = Debug|Any CPU
		Debug|x64 = Debug|x64
		Debug|x86 = Debug|x86
		Release|Any CPU = Release|Any CPU
		Release|x64 = Release|x64
		Release|x86 = Release|x86
	EndGlobalSection
	GlobalSection(SolutionProperties) = preSolution
		HideSolutionNode = FALSE
	EndGlobalSection
	GlobalSection(ProjectConfigurationPlatforms) = postSolution
		{E1588345-8039-4BCC-955E-9B76ACBAADD9}.Debug|Any CPU.ActiveCfg = Debug|Any CPU
		{E1588345-8039-4BCC-955E-9B76ACBAADD9}.Debug|Any CPU.Build.0 = Debug|Any CPU
		{E1588345-8039-4BCC-955E-9B76ACBAADD9}.Debug|x64.ActiveCfg = Debug|Any CPU
		{E1588345-8039-4BCC-955E-9B76ACBAADD9}.Debug|x64.Build.0 = Debug|Any CPU
		{E1588345-8039-4BCC-955E-9B76ACBAADD9}.Debug|x86.ActiveCfg = Debug|Any CPU
		{E1588345-8039-4BCC-955E-9B76ACBAADD9}.Debug|x86.Build.0 = Debug|Any CPU
		{E1588345-8039-4BCC-955E-9B76ACBAADD9}.Release|Any CPU.ActiveCfg = Release|Any CPU
		{E1588345-8039-4BCC-955E-9B76ACBAADD9}.Release|Any CPU.Build.0 = Release|Any CPU
		{E1588345-8039-4BCC-955E-9B76ACBAADD9}.Release|x64.ActiveCfg = Release|Any CPU
		{E1588345-8039-4BCC-955E-9B76ACBAADD9}.Release|x64.Build.0 = Release|Any CPU
		{E1588345-8039-4BCC-955E-9B76ACBAADD9}.Release|x86.ActiveCfg = Release|Any CPU
		{E1588345-8039-4BCC-955E-9B76ACBAADD9}.Release|x86.Build.0 = Release|Any CPU
		{BE42556E-7821-495C-AFDA-0D929246F635}.Debug|Any CPU.ActiveCfg = Debug|Any CPU
		{BE42556E-7821-495C-AFDA-0D929246F635}.Debug|Any CPU.Build.0 = Debug|Any CPU
		{BE42556E-7821-495C-AFDA-0D929246F635}.Debug|x64.ActiveCfg = Debug|Any CPU
		{BE42556E-7821-495C-AFDA-0D929246F635}.Debug|x64.Build.0 = Debug|Any CPU
		{BE42556E-7821-495C-AFDA-0D929246F635}.Debug|x86.ActiveCfg = Debug|Any CPU
		{BE42556E-7821-495C-AFDA-0D929246F635}.Debug|x86.Build.0 = Debug|Any CPU
		{BE42556E-7821-495C-AFDA-0D929246F635}.Release|Any CPU.ActiveCfg = Release|Any CPU
		{BE42556E-7821-495C-AFDA-0D929246F635}.Release|Any CPU.Build.0 = Release|Any CPU
		{BE42556E-7821-495C-AFDA-0D929246F635}.Release|x64.ActiveCfg = Release|Any CPU
		{BE42556E-7821-495C-AFDA-0D929246F635}.Release|x64.Build.0 = Release|Any CPU
		{BE42556E-7821-495C-AFDA-0D929246F635}.Release|x86.ActiveCfg = Release|Any CPU
		{BE42556E-7821-495C-AFDA-0D929246F635}.Release|x86.Build.0 = Release|Any CPU
	EndGlobalSection
EndGlobal
