
Microsoft Visual Studio Solution File, Format Version 12.00
# Visual Studio 15
VisualStudioVersion = 15.0.26124.0
MinimumVisualStudioVersion = 15.0.26124.0
Project("{F2A71F9B-5D33-465A-A702-920D77279786}") = "Server", "Server.fsproj", "{2FEB26B5-EC4C-4BF1-ACEE-B2E660B7C2DC}"
EndProject
Project("{2150E333-8FDC-42A3-9474-1A3956D46DE8}") = "linux", "linux", "{86E89ADB-DD80-4BE9-A5D2-0ECAAAB062E9}"
EndProject
Project("{F2A71F9B-5D33-465A-A702-920D77279786}") = "LogView", "linux\LogView\LogView.fsproj", "{18CD8F51-9071-4A03-8D71-0B03C49D3216}"
EndProject
Project("{2150E333-8FDC-42A3-9474-1A3956D46DE8}") = "windows", "windows", "{47AE27CD-3589-4C3C-9838-48A7E1D0BE73}"
EndProject
Project("{F2A71F9B-5D33-465A-A702-920D77279786}") = "LogView", "windows\LogView\LogView.fsproj", "{E2542353-772B-40C2-9A1E-FF7BCEF9AE37}"
EndProject
Global
	GlobalSection(SolutionConfigurationPlatforms) = preSolution
		Debug|Any CPU = Debug|Any CPU
		Debug|x64 = Debug|x64
		Debug|x86 = Debug|x86
		Release|Any CPU = Release|Any CPU
		Release|x64 = Release|x64
		Release|x86 = Release|x86
	EndGlobalSection
	GlobalSection(SolutionProperties) = preSolution
		HideSolutionNode = FALSE
	EndGlobalSection
	GlobalSection(ProjectConfigurationPlatforms) = postSolution
		{2FEB26B5-EC4C-4BF1-ACEE-B2E660B7C2DC}.Debug|Any CPU.ActiveCfg = Debug|Any CPU
		{2FEB26B5-EC4C-4BF1-ACEE-B2E660B7C2DC}.Debug|Any CPU.Build.0 = Debug|Any CPU
		{2FEB26B5-EC4C-4BF1-ACEE-B2E660B7C2DC}.Debug|x64.ActiveCfg = Debug|Any CPU
		{2FEB26B5-EC4C-4BF1-ACEE-B2E660B7C2DC}.Debug|x64.Build.0 = Debug|Any CPU
		{2FEB26B5-EC4C-4BF1-ACEE-B2E660B7C2DC}.Debug|x86.ActiveCfg = Debug|Any CPU
		{2FEB26B5-EC4C-4BF1-ACEE-B2E660B7C2DC}.Debug|x86.Build.0 = Debug|Any CPU
		{2FEB26B5-EC4C-4BF1-ACEE-B2E660B7C2DC}.Release|Any CPU.ActiveCfg = Release|Any CPU
		{2FEB26B5-EC4C-4BF1-ACEE-B2E660B7C2DC}.Release|Any CPU.Build.0 = Release|Any CPU
		{2FEB26B5-EC4C-4BF1-ACEE-B2E660B7C2DC}.Release|x64.ActiveCfg = Release|Any CPU
		{2FEB26B5-EC4C-4BF1-ACEE-B2E660B7C2DC}.Release|x64.Build.0 = Release|Any CPU
		{2FEB26B5-EC4C-4BF1-ACEE-B2E660B7C2DC}.Release|x86.ActiveCfg = Release|Any CPU
		{2FEB26B5-EC4C-4BF1-ACEE-B2E660B7C2DC}.Release|x86.Build.0 = Release|Any CPU
		{18CD8F51-9071-4A03-8D71-0B03C49D3216}.Debug|Any CPU.ActiveCfg = Debug|Any CPU
		{18CD8F51-9071-4A03-8D71-0B03C49D3216}.Debug|Any CPU.Build.0 = Debug|Any CPU
		{18CD8F51-9071-4A03-8D71-0B03C49D3216}.Debug|x64.ActiveCfg = Debug|Any CPU
		{18CD8F51-9071-4A03-8D71-0B03C49D3216}.Debug|x64.Build.0 = Debug|Any CPU
		{18CD8F51-9071-4A03-8D71-0B03C49D3216}.Debug|x86.ActiveCfg = Debug|Any CPU
		{18CD8F51-9071-4A03-8D71-0B03C49D3216}.Debug|x86.Build.0 = Debug|Any CPU
		{18CD8F51-9071-4A03-8D71-0B03C49D3216}.Release|Any CPU.ActiveCfg = Release|Any CPU
		{18CD8F51-9071-4A03-8D71-0B03C49D3216}.Release|Any CPU.Build.0 = Release|Any CPU
		{18CD8F51-9071-4A03-8D71-0B03C49D3216}.Release|x64.ActiveCfg = Release|Any CPU
		{18CD8F51-9071-4A03-8D71-0B03C49D3216}.Release|x64.Build.0 = Release|Any CPU
		{18CD8F51-9071-4A03-8D71-0B03C49D3216}.Release|x86.ActiveCfg = Release|Any CPU
		{18CD8F51-9071-4A03-8D71-0B03C49D3216}.Release|x86.Build.0 = Release|Any CPU
		{E2542353-772B-40C2-9A1E-FF7BCEF9AE37}.Debug|Any CPU.ActiveCfg = Debug|Any CPU
		{E2542353-772B-40C2-9A1E-FF7BCEF9AE37}.Debug|Any CPU.Build.0 = Debug|Any CPU
		{E2542353-772B-40C2-9A1E-FF7BCEF9AE37}.Debug|x64.ActiveCfg = Debug|Any CPU
		{E2542353-772B-40C2-9A1E-FF7BCEF9AE37}.Debug|x64.Build.0 = Debug|Any CPU
		{E2542353-772B-40C2-9A1E-FF7BCEF9AE37}.Debug|x86.ActiveCfg = Debug|Any CPU
		{E2542353-772B-40C2-9A1E-FF7BCEF9AE37}.Debug|x86.Build.0 = Debug|Any CPU
		{E2542353-772B-40C2-9A1E-FF7BCEF9AE37}.Release|Any CPU.ActiveCfg = Release|Any CPU
		{E2542353-772B-40C2-9A1E-FF7BCEF9AE37}.Release|Any CPU.Build.0 = Release|Any CPU
		{E2542353-772B-40C2-9A1E-FF7BCEF9AE37}.Release|x64.ActiveCfg = Release|Any CPU
		{E2542353-772B-40C2-9A1E-FF7BCEF9AE37}.Release|x64.Build.0 = Release|Any CPU
		{E2542353-772B-40C2-9A1E-FF7BCEF9AE37}.Release|x86.ActiveCfg = Release|Any CPU
		{E2542353-772B-40C2-9A1E-FF7BCEF9AE37}.Release|x86.Build.0 = Release|Any CPU
	EndGlobalSection
	GlobalSection(NestedProjects) = preSolution
		{18CD8F51-9071-4A03-8D71-0B03C49D3216} = {86E89ADB-DD80-4BE9-A5D2-0ECAAAB062E9}
		{E2542353-772B-40C2-9A1E-FF7BCEF9AE37} = {47AE27CD-3589-4C3C-9838-48A7E1D0BE73}
	EndGlobalSection
EndGlobal
